// !$*UTF8*$!
{
	archiveVersion = 1;
	classes = {
	};
	objectVersion = 56;
	objects = {

/* Begin PBXBuildFile section */
		C430106D2A56B42A00D99651 /* RMEpisodeInfoCollectionViewCell.swift in Sources */ = {isa = PBXBuildFile; fileRef = C430106C2A56B42A00D99651 /* RMEpisodeInfoCollectionViewCell.swift */; };
		C43010702A56B45A00D99651 /* RMEpisodeInfoCollectionViewCellViewModel.swift in Sources */ = {isa = PBXBuildFile; fileRef = C430106F2A56B45A00D99651 /* RMEpisodeInfoCollectionViewCellViewModel.swift */; };
		C43010732A57D58700D99651 /* RMSettingsViewViewModel.swift in Sources */ = {isa = PBXBuildFile; fileRef = C43010722A57D58700D99651 /* RMSettingsViewViewModel.swift */; };
		C43010752A57D5C000D99651 /* RMSettingsCellViewModel.swift in Sources */ = {isa = PBXBuildFile; fileRef = C43010742A57D5C000D99651 /* RMSettingsCellViewModel.swift */; };
		C43010772A57D62600D99651 /* RMSettingsOption.swift in Sources */ = {isa = PBXBuildFile; fileRef = C43010762A57D62600D99651 /* RMSettingsOption.swift */; };
		C430107A2A59538300D99651 /* RMSettingsView.swift in Sources */ = {isa = PBXBuildFile; fileRef = C43010792A59538300D99651 /* RMSettingsView.swift */; };
		C430937D2A50EE5900325EFF /* RMCharacterDetailViewController.swift in Sources */ = {isa = PBXBuildFile; fileRef = C430937C2A50EE5900325EFF /* RMCharacterDetailViewController.swift */; };
		C430937F2A50EEE100325EFF /* RMCharacterDetailView.swift in Sources */ = {isa = PBXBuildFile; fileRef = C430937E2A50EEE100325EFF /* RMCharacterDetailView.swift */; };
		C43093812A50EEEB00325EFF /* RMCharacterDetailViewModel.swift in Sources */ = {isa = PBXBuildFile; fileRef = C43093802A50EEEB00325EFF /* RMCharacterDetailViewModel.swift */; };
		C43093832A50F67300325EFF /* RMFooterLoadingCollectionReusableView.swift in Sources */ = {isa = PBXBuildFile; fileRef = C43093822A50F67300325EFF /* RMFooterLoadingCollectionReusableView.swift */; };
		C43093852A51C3AF00325EFF /* RMImageLoader.swift in Sources */ = {isa = PBXBuildFile; fileRef = C43093842A51C3AF00325EFF /* RMImageLoader.swift */; };
		C430938B2A5432A400325EFF /* RMCharacterPhotoCollectionViewCell.swift in Sources */ = {isa = PBXBuildFile; fileRef = C430938A2A5432A400325EFF /* RMCharacterPhotoCollectionViewCell.swift */; };
		C430938D2A5432AC00325EFF /* RMCharacterInfoCollectionViewCell.swift in Sources */ = {isa = PBXBuildFile; fileRef = C430938C2A5432AC00325EFF /* RMCharacterInfoCollectionViewCell.swift */; };
		C430938F2A5432B400325EFF /* RMCharacterEpisodeCollectionViewCell.swift in Sources */ = {isa = PBXBuildFile; fileRef = C430938E2A5432B400325EFF /* RMCharacterEpisodeCollectionViewCell.swift */; };
		C43093922A54332100325EFF /* RMCharacterPhotoCollectionViewCellViewModel.swift in Sources */ = {isa = PBXBuildFile; fileRef = C43093912A54332100325EFF /* RMCharacterPhotoCollectionViewCellViewModel.swift */; };
		C43093942A54332B00325EFF /* RMCharacterInfoCollectionViewCellViewModel.swift in Sources */ = {isa = PBXBuildFile; fileRef = C43093932A54332B00325EFF /* RMCharacterInfoCollectionViewCellViewModel.swift */; };
		C43093962A54333600325EFF /* RMCharacterEpisodeCollectionViewCellViewModel.swift in Sources */ = {isa = PBXBuildFile; fileRef = C43093952A54333600325EFF /* RMCharacterEpisodeCollectionViewCellViewModel.swift */; };
		C43093982A552D9100325EFF /* RMEpisodeDetailViewController.swift in Sources */ = {isa = PBXBuildFile; fileRef = C43093972A552D9100325EFF /* RMEpisodeDetailViewController.swift */; };
		C430939A2A552FA100325EFF /* RMApiCacheManager.swift in Sources */ = {isa = PBXBuildFile; fileRef = C43093992A552FA100325EFF /* RMApiCacheManager.swift */; };
		C430939C2A55353200325EFF /* RMEpisodeDetailViewViewModel.swift in Sources */ = {isa = PBXBuildFile; fileRef = C430939B2A55353200325EFF /* RMEpisodeDetailViewViewModel.swift */; };
		C430939E2A55359000325EFF /* RMEpisodeDetailView.swift in Sources */ = {isa = PBXBuildFile; fileRef = C430939D2A55359000325EFF /* RMEpisodeDetailView.swift */; };
		C43093A12A5538B800325EFF /* RMEpisodeListView.swift in Sources */ = {isa = PBXBuildFile; fileRef = C43093A02A5538B800325EFF /* RMEpisodeListView.swift */; };
		C43093A32A553B6100325EFF /* RMEpisodeListViewViewModel.swift in Sources */ = {isa = PBXBuildFile; fileRef = C43093A22A553B6100325EFF /* RMEpisodeListViewViewModel.swift */; };
		C43093A52A557B1600325EFF /* RMGetAllEpisodesResponse.swift in Sources */ = {isa = PBXBuildFile; fileRef = C43093A42A557B1600325EFF /* RMGetAllEpisodesResponse.swift */; };
		C43093A72A55B65E00325EFF /* RMSearchViewController.swift in Sources */ = {isa = PBXBuildFile; fileRef = C43093A62A55B65E00325EFF /* RMSearchViewController.swift */; };
		C43463472A68F9D40095C754 /* RMLocationView.swift in Sources */ = {isa = PBXBuildFile; fileRef = C43463462A68F9D40095C754 /* RMLocationView.swift */; };
		C43463492A68FE230095C754 /* RMLocationViewViewModel.swift in Sources */ = {isa = PBXBuildFile; fileRef = C43463482A68FE230095C754 /* RMLocationViewViewModel.swift */; };
		C434634B2A6909DA0095C754 /* RMGetLocationsResponse.swift in Sources */ = {isa = PBXBuildFile; fileRef = C434634A2A6909DA0095C754 /* RMGetLocationsResponse.swift */; };
		C434634D2A690AF60095C754 /* RMLocationTableViewCell.swift in Sources */ = {isa = PBXBuildFile; fileRef = C434634C2A690AF60095C754 /* RMLocationTableViewCell.swift */; };
		C43463502A690B7F0095C754 /* RMLocationTableViewCellViewModel.swift in Sources */ = {isa = PBXBuildFile; fileRef = C434634F2A690B7F0095C754 /* RMLocationTableViewCellViewModel.swift */; };
		C43463522A6A4D140095C754 /* RMLocationDetailViewController.swift in Sources */ = {isa = PBXBuildFile; fileRef = C43463512A6A4D140095C754 /* RMLocationDetailViewController.swift */; };
		C43463552A6A4F1C0095C754 /* RMLocationDetailView.swift in Sources */ = {isa = PBXBuildFile; fileRef = C43463542A6A4F1C0095C754 /* RMLocationDetailView.swift */; };
		C43463572A6A50080095C754 /* RMLocationDetailViewViewModel.swift in Sources */ = {isa = PBXBuildFile; fileRef = C43463562A6A50070095C754 /* RMLocationDetailViewViewModel.swift */; };
		C434635A2A6A5B470095C754 /* RMSearchView.swift in Sources */ = {isa = PBXBuildFile; fileRef = C43463592A6A5B470095C754 /* RMSearchView.swift */; };
		C434635C2A6A5BBC0095C754 /* RMSearchViewViewModel.swift in Sources */ = {isa = PBXBuildFile; fileRef = C434635B2A6A5BBC0095C754 /* RMSearchViewViewModel.swift */; };
		C434635E2A6A5D5A0095C754 /* RMNoSearchResultsView.swift in Sources */ = {isa = PBXBuildFile; fileRef = C434635D2A6A5D5A0095C754 /* RMNoSearchResultsView.swift */; };
		C43463612A6A5D780095C754 /* RMNoSearchResultsViewViewModel.swift in Sources */ = {isa = PBXBuildFile; fileRef = C43463602A6A5D780095C754 /* RMNoSearchResultsViewViewModel.swift */; };
		C43463632A6A5DAF0095C754 /* RMSearchInputView.swift in Sources */ = {isa = PBXBuildFile; fileRef = C43463622A6A5DAF0095C754 /* RMSearchInputView.swift */; };
		C43463652A6A5DBC0095C754 /* RMSearchInputViewViewModel.swift in Sources */ = {isa = PBXBuildFile; fileRef = C43463642A6A5DBC0095C754 /* RMSearchInputViewViewModel.swift */; };
		C43463672A6AB6D40095C754 /* RMSearchOptionPickerViewController.swift in Sources */ = {isa = PBXBuildFile; fileRef = C43463662A6AB6D40095C754 /* RMSearchOptionPickerViewController.swift */; };
		C434636A2A6BE6CE0095C754 /* RMSearchResultViewModel.swift in Sources */ = {isa = PBXBuildFile; fileRef = C43463692A6BE6CE0095C754 /* RMSearchResultViewModel.swift */; };
		C4EFACAA2A16652D00833C84 /* AppDelegate.swift in Sources */ = {isa = PBXBuildFile; fileRef = C4EFACA92A16652D00833C84 /* AppDelegate.swift */; };
		C4EFACAC2A16652D00833C84 /* SceneDelegate.swift in Sources */ = {isa = PBXBuildFile; fileRef = C4EFACAB2A16652D00833C84 /* SceneDelegate.swift */; };
		C4EFACAE2A16652D00833C84 /* RMTabBarController.swift in Sources */ = {isa = PBXBuildFile; fileRef = C4EFACAD2A16652D00833C84 /* RMTabBarController.swift */; };
		C4EFACB32A16652E00833C84 /* Assets.xcassets in Resources */ = {isa = PBXBuildFile; fileRef = C4EFACB22A16652E00833C84 /* Assets.xcassets */; };
		C4EFACB62A16652E00833C84 /* LaunchScreen.storyboard in Resources */ = {isa = PBXBuildFile; fileRef = C4EFACB42A16652E00833C84 /* LaunchScreen.storyboard */; };
		C4EFACC52A16677500833C84 /* RMLocation.swift in Sources */ = {isa = PBXBuildFile; fileRef = C4EFACC42A16677500833C84 /* RMLocation.swift */; };
		C4EFACC72A16678300833C84 /* RMCharacter.swift in Sources */ = {isa = PBXBuildFile; fileRef = C4EFACC62A16678300833C84 /* RMCharacter.swift */; };
		C4EFACC92A16678A00833C84 /* RMEpisode.swift in Sources */ = {isa = PBXBuildFile; fileRef = C4EFACC82A16678A00833C84 /* RMEpisode.swift */; };
		C4EFACCC2A1667EF00833C84 /* RMCharacterViewController.swift in Sources */ = {isa = PBXBuildFile; fileRef = C4EFACCB2A1667EF00833C84 /* RMCharacterViewController.swift */; };
		C4EFACCE2A1667FB00833C84 /* RMLocationViewController.swift in Sources */ = {isa = PBXBuildFile; fileRef = C4EFACCD2A1667FB00833C84 /* RMLocationViewController.swift */; };
		C4EFACD02A16680400833C84 /* RMEpisodeViewController.swift in Sources */ = {isa = PBXBuildFile; fileRef = C4EFACCF2A16680400833C84 /* RMEpisodeViewController.swift */; };
		C4EFACD32A16681A00833C84 /* RMSettingsViewController.swift in Sources */ = {isa = PBXBuildFile; fileRef = C4EFACD22A16681A00833C84 /* RMSettingsViewController.swift */; };
		C4EFACD52A1670AC00833C84 /* RMService.swift in Sources */ = {isa = PBXBuildFile; fileRef = C4EFACD42A1670AC00833C84 /* RMService.swift */; };
		C4EFACD72A1670C200833C84 /* RMRequest.swift in Sources */ = {isa = PBXBuildFile; fileRef = C4EFACD62A1670C200833C84 /* RMRequest.swift */; };
		C4EFACD92A16717B00833C84 /* RMEndpoint.swift in Sources */ = {isa = PBXBuildFile; fileRef = C4EFACD82A16717B00833C84 /* RMEndpoint.swift */; };
		C4EFACDB2A17C13000833C84 /* RMOrigin.swift in Sources */ = {isa = PBXBuildFile; fileRef = C4EFACDA2A17C13000833C84 /* RMOrigin.swift */; };
		C4EFACDD2A17C19600833C84 /* RMSingleLocation.swift in Sources */ = {isa = PBXBuildFile; fileRef = C4EFACDC2A17C19600833C84 /* RMSingleLocation.swift */; };
		C4EFACDF2A17C2E000833C84 /* RMCharacterStatus.swift in Sources */ = {isa = PBXBuildFile; fileRef = C4EFACDE2A17C2E000833C84 /* RMCharacterStatus.swift */; };
		C4EFACE12A17C30000833C84 /* RMCharacterGender.swift in Sources */ = {isa = PBXBuildFile; fileRef = C4EFACE02A17C30000833C84 /* RMCharacterGender.swift */; };
		C4EFACE52A1CABCE00833C84 /* RmGetAllCharactersResponse.swift in Sources */ = {isa = PBXBuildFile; fileRef = C4EFACE42A1CABCE00833C84 /* RmGetAllCharactersResponse.swift */; };
		C4EFACE72A1CAFAA00833C84 /* RMCharacterListViewViewModel.swift in Sources */ = {isa = PBXBuildFile; fileRef = C4EFACE62A1CAFAA00833C84 /* RMCharacterListViewViewModel.swift */; };
		C4EFACE92A1CB01200833C84 /* RMCharacterListView.swift in Sources */ = {isa = PBXBuildFile; fileRef = C4EFACE82A1CB01200833C84 /* RMCharacterListView.swift */; };
		C4EFACEB2A1CB37A00833C84 /* Extensions.swift in Sources */ = {isa = PBXBuildFile; fileRef = C4EFACEA2A1CB37A00833C84 /* Extensions.swift */; };
		C4EFACED2A1E4A8500833C84 /* RMCharacterCollectionViewCell.swift in Sources */ = {isa = PBXBuildFile; fileRef = C4EFACEC2A1E4A8500833C84 /* RMCharacterCollectionViewCell.swift */; };
		C4EFACEF2A1EB34600833C84 /* RMCharacterCollectionViewCellViewModel.swift in Sources */ = {isa = PBXBuildFile; fileRef = C4EFACEE2A1EB34600833C84 /* RMCharacterCollectionViewCellViewModel.swift */; };
/* End PBXBuildFile section */

/* Begin PBXFileReference section */
		C430106C2A56B42A00D99651 /* RMEpisodeInfoCollectionViewCell.swift */ = {isa = PBXFileReference; lastKnownFileType = sourcecode.swift; path = RMEpisodeInfoCollectionViewCell.swift; sourceTree = "<group>"; };
		C430106F2A56B45A00D99651 /* RMEpisodeInfoCollectionViewCellViewModel.swift */ = {isa = PBXFileReference; lastKnownFileType = sourcecode.swift; path = RMEpisodeInfoCollectionViewCellViewModel.swift; sourceTree = "<group>"; };
		C43010722A57D58700D99651 /* RMSettingsViewViewModel.swift */ = {isa = PBXFileReference; lastKnownFileType = sourcecode.swift; path = RMSettingsViewViewModel.swift; sourceTree = "<group>"; };
		C43010742A57D5C000D99651 /* RMSettingsCellViewModel.swift */ = {isa = PBXFileReference; lastKnownFileType = sourcecode.swift; path = RMSettingsCellViewModel.swift; sourceTree = "<group>"; };
		C43010762A57D62600D99651 /* RMSettingsOption.swift */ = {isa = PBXFileReference; lastKnownFileType = sourcecode.swift; path = RMSettingsOption.swift; sourceTree = "<group>"; };
		C43010792A59538300D99651 /* RMSettingsView.swift */ = {isa = PBXFileReference; lastKnownFileType = sourcecode.swift; path = RMSettingsView.swift; sourceTree = "<group>"; };
		C430937C2A50EE5900325EFF /* RMCharacterDetailViewController.swift */ = {isa = PBXFileReference; lastKnownFileType = sourcecode.swift; path = RMCharacterDetailViewController.swift; sourceTree = "<group>"; };
		C430937E2A50EEE100325EFF /* RMCharacterDetailView.swift */ = {isa = PBXFileReference; lastKnownFileType = sourcecode.swift; path = RMCharacterDetailView.swift; sourceTree = "<group>"; };
		C43093802A50EEEB00325EFF /* RMCharacterDetailViewModel.swift */ = {isa = PBXFileReference; lastKnownFileType = sourcecode.swift; path = RMCharacterDetailViewModel.swift; sourceTree = "<group>"; };
		C43093822A50F67300325EFF /* RMFooterLoadingCollectionReusableView.swift */ = {isa = PBXFileReference; lastKnownFileType = sourcecode.swift; path = RMFooterLoadingCollectionReusableView.swift; sourceTree = "<group>"; };
		C43093842A51C3AF00325EFF /* RMImageLoader.swift */ = {isa = PBXFileReference; lastKnownFileType = sourcecode.swift; path = RMImageLoader.swift; sourceTree = "<group>"; };
		C430938A2A5432A400325EFF /* RMCharacterPhotoCollectionViewCell.swift */ = {isa = PBXFileReference; lastKnownFileType = sourcecode.swift; path = RMCharacterPhotoCollectionViewCell.swift; sourceTree = "<group>"; };
		C430938C2A5432AC00325EFF /* RMCharacterInfoCollectionViewCell.swift */ = {isa = PBXFileReference; lastKnownFileType = sourcecode.swift; path = RMCharacterInfoCollectionViewCell.swift; sourceTree = "<group>"; };
		C430938E2A5432B400325EFF /* RMCharacterEpisodeCollectionViewCell.swift */ = {isa = PBXFileReference; lastKnownFileType = sourcecode.swift; path = RMCharacterEpisodeCollectionViewCell.swift; sourceTree = "<group>"; };
		C43093912A54332100325EFF /* RMCharacterPhotoCollectionViewCellViewModel.swift */ = {isa = PBXFileReference; lastKnownFileType = sourcecode.swift; path = RMCharacterPhotoCollectionViewCellViewModel.swift; sourceTree = "<group>"; };
		C43093932A54332B00325EFF /* RMCharacterInfoCollectionViewCellViewModel.swift */ = {isa = PBXFileReference; lastKnownFileType = sourcecode.swift; path = RMCharacterInfoCollectionViewCellViewModel.swift; sourceTree = "<group>"; };
		C43093952A54333600325EFF /* RMCharacterEpisodeCollectionViewCellViewModel.swift */ = {isa = PBXFileReference; lastKnownFileType = sourcecode.swift; path = RMCharacterEpisodeCollectionViewCellViewModel.swift; sourceTree = "<group>"; };
		C43093972A552D9100325EFF /* RMEpisodeDetailViewController.swift */ = {isa = PBXFileReference; lastKnownFileType = sourcecode.swift; path = RMEpisodeDetailViewController.swift; sourceTree = "<group>"; };
		C43093992A552FA100325EFF /* RMApiCacheManager.swift */ = {isa = PBXFileReference; lastKnownFileType = sourcecode.swift; path = RMApiCacheManager.swift; sourceTree = "<group>"; };
		C430939B2A55353200325EFF /* RMEpisodeDetailViewViewModel.swift */ = {isa = PBXFileReference; lastKnownFileType = sourcecode.swift; path = RMEpisodeDetailViewViewModel.swift; sourceTree = "<group>"; };
		C430939D2A55359000325EFF /* RMEpisodeDetailView.swift */ = {isa = PBXFileReference; lastKnownFileType = sourcecode.swift; path = RMEpisodeDetailView.swift; sourceTree = "<group>"; };
		C43093A02A5538B800325EFF /* RMEpisodeListView.swift */ = {isa = PBXFileReference; lastKnownFileType = sourcecode.swift; path = RMEpisodeListView.swift; sourceTree = "<group>"; };
		C43093A22A553B6100325EFF /* RMEpisodeListViewViewModel.swift */ = {isa = PBXFileReference; lastKnownFileType = sourcecode.swift; path = RMEpisodeListViewViewModel.swift; sourceTree = "<group>"; };
		C43093A42A557B1600325EFF /* RMGetAllEpisodesResponse.swift */ = {isa = PBXFileReference; lastKnownFileType = sourcecode.swift; path = RMGetAllEpisodesResponse.swift; sourceTree = "<group>"; };
		C43093A62A55B65E00325EFF /* RMSearchViewController.swift */ = {isa = PBXFileReference; lastKnownFileType = sourcecode.swift; path = RMSearchViewController.swift; sourceTree = "<group>"; };
		C43463462A68F9D40095C754 /* RMLocationView.swift */ = {isa = PBXFileReference; lastKnownFileType = sourcecode.swift; path = RMLocationView.swift; sourceTree = "<group>"; };
		C43463482A68FE230095C754 /* RMLocationViewViewModel.swift */ = {isa = PBXFileReference; lastKnownFileType = sourcecode.swift; path = RMLocationViewViewModel.swift; sourceTree = "<group>"; };
		C434634A2A6909DA0095C754 /* RMGetLocationsResponse.swift */ = {isa = PBXFileReference; lastKnownFileType = sourcecode.swift; path = RMGetLocationsResponse.swift; sourceTree = "<group>"; };
		C434634C2A690AF60095C754 /* RMLocationTableViewCell.swift */ = {isa = PBXFileReference; lastKnownFileType = sourcecode.swift; path = RMLocationTableViewCell.swift; sourceTree = "<group>"; };
		C434634F2A690B7F0095C754 /* RMLocationTableViewCellViewModel.swift */ = {isa = PBXFileReference; lastKnownFileType = sourcecode.swift; path = RMLocationTableViewCellViewModel.swift; sourceTree = "<group>"; };
		C43463512A6A4D140095C754 /* RMLocationDetailViewController.swift */ = {isa = PBXFileReference; lastKnownFileType = sourcecode.swift; path = RMLocationDetailViewController.swift; sourceTree = "<group>"; };
		C43463542A6A4F1C0095C754 /* RMLocationDetailView.swift */ = {isa = PBXFileReference; lastKnownFileType = sourcecode.swift; path = RMLocationDetailView.swift; sourceTree = "<group>"; };
		C43463562A6A50070095C754 /* RMLocationDetailViewViewModel.swift */ = {isa = PBXFileReference; lastKnownFileType = sourcecode.swift; path = RMLocationDetailViewViewModel.swift; sourceTree = "<group>"; };
		C43463592A6A5B470095C754 /* RMSearchView.swift */ = {isa = PBXFileReference; lastKnownFileType = sourcecode.swift; path = RMSearchView.swift; sourceTree = "<group>"; };
		C434635B2A6A5BBC0095C754 /* RMSearchViewViewModel.swift */ = {isa = PBXFileReference; lastKnownFileType = sourcecode.swift; path = RMSearchViewViewModel.swift; sourceTree = "<group>"; };
		C434635D2A6A5D5A0095C754 /* RMNoSearchResultsView.swift */ = {isa = PBXFileReference; lastKnownFileType = sourcecode.swift; path = RMNoSearchResultsView.swift; sourceTree = "<group>"; };
		C43463602A6A5D780095C754 /* RMNoSearchResultsViewViewModel.swift */ = {isa = PBXFileReference; lastKnownFileType = sourcecode.swift; path = RMNoSearchResultsViewViewModel.swift; sourceTree = "<group>"; };
		C43463622A6A5DAF0095C754 /* RMSearchInputView.swift */ = {isa = PBXFileReference; lastKnownFileType = sourcecode.swift; path = RMSearchInputView.swift; sourceTree = "<group>"; };
		C43463642A6A5DBC0095C754 /* RMSearchInputViewViewModel.swift */ = {isa = PBXFileReference; lastKnownFileType = sourcecode.swift; path = RMSearchInputViewViewModel.swift; sourceTree = "<group>"; };
		C43463662A6AB6D40095C754 /* RMSearchOptionPickerViewController.swift */ = {isa = PBXFileReference; lastKnownFileType = sourcecode.swift; path = RMSearchOptionPickerViewController.swift; sourceTree = "<group>"; };
		C43463692A6BE6CE0095C754 /* RMSearchResultViewModel.swift */ = {isa = PBXFileReference; lastKnownFileType = sourcecode.swift; path = RMSearchResultViewModel.swift; sourceTree = "<group>"; };
		C4EFACA62A16652D00833C84 /* RickAndMorty.app */ = {isa = PBXFileReference; explicitFileType = wrapper.application; includeInIndex = 0; path = RickAndMorty.app; sourceTree = BUILT_PRODUCTS_DIR; };
		C4EFACA92A16652D00833C84 /* AppDelegate.swift */ = {isa = PBXFileReference; lastKnownFileType = sourcecode.swift; path = AppDelegate.swift; sourceTree = "<group>"; };
		C4EFACAB2A16652D00833C84 /* SceneDelegate.swift */ = {isa = PBXFileReference; lastKnownFileType = sourcecode.swift; path = SceneDelegate.swift; sourceTree = "<group>"; };
		C4EFACAD2A16652D00833C84 /* RMTabBarController.swift */ = {isa = PBXFileReference; lastKnownFileType = sourcecode.swift; path = RMTabBarController.swift; sourceTree = "<group>"; };
		C4EFACB22A16652E00833C84 /* Assets.xcassets */ = {isa = PBXFileReference; lastKnownFileType = folder.assetcatalog; path = Assets.xcassets; sourceTree = "<group>"; };
		C4EFACB52A16652E00833C84 /* Base */ = {isa = PBXFileReference; lastKnownFileType = file.storyboard; name = Base; path = Base.lproj/LaunchScreen.storyboard; sourceTree = "<group>"; };
		C4EFACB72A16652E00833C84 /* Info.plist */ = {isa = PBXFileReference; lastKnownFileType = text.plist.xml; path = Info.plist; sourceTree = "<group>"; };
		C4EFACC42A16677500833C84 /* RMLocation.swift */ = {isa = PBXFileReference; lastKnownFileType = sourcecode.swift; path = RMLocation.swift; sourceTree = "<group>"; };
		C4EFACC62A16678300833C84 /* RMCharacter.swift */ = {isa = PBXFileReference; lastKnownFileType = sourcecode.swift; path = RMCharacter.swift; sourceTree = "<group>"; };
		C4EFACC82A16678A00833C84 /* RMEpisode.swift */ = {isa = PBXFileReference; lastKnownFileType = sourcecode.swift; path = RMEpisode.swift; sourceTree = "<group>"; };
		C4EFACCB2A1667EF00833C84 /* RMCharacterViewController.swift */ = {isa = PBXFileReference; lastKnownFileType = sourcecode.swift; path = RMCharacterViewController.swift; sourceTree = "<group>"; };
		C4EFACCD2A1667FB00833C84 /* RMLocationViewController.swift */ = {isa = PBXFileReference; lastKnownFileType = sourcecode.swift; path = RMLocationViewController.swift; sourceTree = "<group>"; };
		C4EFACCF2A16680400833C84 /* RMEpisodeViewController.swift */ = {isa = PBXFileReference; lastKnownFileType = sourcecode.swift; path = RMEpisodeViewController.swift; sourceTree = "<group>"; };
		C4EFACD22A16681A00833C84 /* RMSettingsViewController.swift */ = {isa = PBXFileReference; lastKnownFileType = sourcecode.swift; path = RMSettingsViewController.swift; sourceTree = "<group>"; };
		C4EFACD42A1670AC00833C84 /* RMService.swift */ = {isa = PBXFileReference; lastKnownFileType = sourcecode.swift; path = RMService.swift; sourceTree = "<group>"; };
		C4EFACD62A1670C200833C84 /* RMRequest.swift */ = {isa = PBXFileReference; lastKnownFileType = sourcecode.swift; path = RMRequest.swift; sourceTree = "<group>"; };
		C4EFACD82A16717B00833C84 /* RMEndpoint.swift */ = {isa = PBXFileReference; lastKnownFileType = sourcecode.swift; path = RMEndpoint.swift; sourceTree = "<group>"; };
		C4EFACDA2A17C13000833C84 /* RMOrigin.swift */ = {isa = PBXFileReference; lastKnownFileType = sourcecode.swift; path = RMOrigin.swift; sourceTree = "<group>"; };
		C4EFACDC2A17C19600833C84 /* RMSingleLocation.swift */ = {isa = PBXFileReference; lastKnownFileType = sourcecode.swift; path = RMSingleLocation.swift; sourceTree = "<group>"; };
		C4EFACDE2A17C2E000833C84 /* RMCharacterStatus.swift */ = {isa = PBXFileReference; lastKnownFileType = sourcecode.swift; path = RMCharacterStatus.swift; sourceTree = "<group>"; };
		C4EFACE02A17C30000833C84 /* RMCharacterGender.swift */ = {isa = PBXFileReference; lastKnownFileType = sourcecode.swift; path = RMCharacterGender.swift; sourceTree = "<group>"; };
		C4EFACE42A1CABCE00833C84 /* RmGetAllCharactersResponse.swift */ = {isa = PBXFileReference; lastKnownFileType = sourcecode.swift; path = RmGetAllCharactersResponse.swift; sourceTree = "<group>"; };
		C4EFACE62A1CAFAA00833C84 /* RMCharacterListViewViewModel.swift */ = {isa = PBXFileReference; lastKnownFileType = sourcecode.swift; path = RMCharacterListViewViewModel.swift; sourceTree = "<group>"; };
		C4EFACE82A1CB01200833C84 /* RMCharacterListView.swift */ = {isa = PBXFileReference; lastKnownFileType = sourcecode.swift; path = RMCharacterListView.swift; sourceTree = "<group>"; };
		C4EFACEA2A1CB37A00833C84 /* Extensions.swift */ = {isa = PBXFileReference; lastKnownFileType = sourcecode.swift; path = Extensions.swift; sourceTree = "<group>"; };
		C4EFACEC2A1E4A8500833C84 /* RMCharacterCollectionViewCell.swift */ = {isa = PBXFileReference; lastKnownFileType = sourcecode.swift; path = RMCharacterCollectionViewCell.swift; sourceTree = "<group>"; };
		C4EFACEE2A1EB34600833C84 /* RMCharacterCollectionViewCellViewModel.swift */ = {isa = PBXFileReference; lastKnownFileType = sourcecode.swift; path = RMCharacterCollectionViewCellViewModel.swift; sourceTree = "<group>"; };
/* End PBXFileReference section */

/* Begin PBXFrameworksBuildPhase section */
		C4EFACA32A16652D00833C84 /* Frameworks */ = {
			isa = PBXFrameworksBuildPhase;
			buildActionMask = 2147483647;
			files = (
			);
			runOnlyForDeploymentPostprocessing = 0;
		};
/* End PBXFrameworksBuildPhase section */

/* Begin PBXGroup section */
		C430106B2A56B3F700D99651 /* EpisodeDetails */ = {
			isa = PBXGroup;
			children = (
				C430939D2A55359000325EFF /* RMEpisodeDetailView.swift */,
				C430106C2A56B42A00D99651 /* RMEpisodeInfoCollectionViewCell.swift */,
			);
			path = EpisodeDetails;
			sourceTree = "<group>";
		};
		C430106E2A56B44200D99651 /* EpisodeDetail */ = {
			isa = PBXGroup;
			children = (
				C430939B2A55353200325EFF /* RMEpisodeDetailViewViewModel.swift */,
				C430106F2A56B45A00D99651 /* RMEpisodeInfoCollectionViewCellViewModel.swift */,
			);
			path = EpisodeDetail;
			sourceTree = "<group>";
		};
		C43010712A57D57800D99651 /* Settings */ = {
			isa = PBXGroup;
			children = (
				C43010722A57D58700D99651 /* RMSettingsViewViewModel.swift */,
				C43010742A57D5C000D99651 /* RMSettingsCellViewModel.swift */,
				C43010762A57D62600D99651 /* RMSettingsOption.swift */,
			);
			path = Settings;
			sourceTree = "<group>";
		};
		C43010782A59536500D99651 /* SwiftUI */ = {
			isa = PBXGroup;
			children = (
				C43010792A59538300D99651 /* RMSettingsView.swift */,
			);
			path = SwiftUI;
			sourceTree = "<group>";
		};
		C430937B2A50EE4100325EFF /* Other */ = {
			isa = PBXGroup;
			children = (
				C43463682A6AB77B0095C754 /* Search */,
				C430937C2A50EE5900325EFF /* RMCharacterDetailViewController.swift */,
				C43093972A552D9100325EFF /* RMEpisodeDetailViewController.swift */,
				C43463512A6A4D140095C754 /* RMLocationDetailViewController.swift */,
			);
			path = Other;
			sourceTree = "<group>";
		};
		C43093882A54326600325EFF /* CharacterDetails */ = {
			isa = PBXGroup;
			children = (
				C430937E2A50EEE100325EFF /* RMCharacterDetailView.swift */,
				C430938A2A5432A400325EFF /* RMCharacterPhotoCollectionViewCell.swift */,
				C430938C2A5432AC00325EFF /* RMCharacterInfoCollectionViewCell.swift */,
				C430938E2A5432B400325EFF /* RMCharacterEpisodeCollectionViewCell.swift */,
			);
			path = CharacterDetails;
			sourceTree = "<group>";
		};
		C43093892A54327700325EFF /* Character */ = {
			isa = PBXGroup;
			children = (
				C4EFACE82A1CB01200833C84 /* RMCharacterListView.swift */,
				C4EFACEC2A1E4A8500833C84 /* RMCharacterCollectionViewCell.swift */,
			);
			path = Character;
			sourceTree = "<group>";
		};
		C43093902A5432C600325EFF /* CharacterDetail */ = {
			isa = PBXGroup;
			children = (
				C43093802A50EEEB00325EFF /* RMCharacterDetailViewModel.swift */,
				C43093912A54332100325EFF /* RMCharacterPhotoCollectionViewCellViewModel.swift */,
				C43093932A54332B00325EFF /* RMCharacterInfoCollectionViewCellViewModel.swift */,
				C43093952A54333600325EFF /* RMCharacterEpisodeCollectionViewCellViewModel.swift */,
			);
			path = CharacterDetail;
			sourceTree = "<group>";
		};
		C430939F2A5538AB00325EFF /* Episode */ = {
			isa = PBXGroup;
			children = (
				C43093A02A5538B800325EFF /* RMEpisodeListView.swift */,
			);
			path = Episode;
			sourceTree = "<group>";
		};
		C43463452A68F9BF0095C754 /* Location */ = {
			isa = PBXGroup;
			children = (
				C43463462A68F9D40095C754 /* RMLocationView.swift */,
				C434634C2A690AF60095C754 /* RMLocationTableViewCell.swift */,
			);
			path = Location;
			sourceTree = "<group>";
		};
		C434634E2A690B710095C754 /* Locations */ = {
			isa = PBXGroup;
			children = (
				C43463482A68FE230095C754 /* RMLocationViewViewModel.swift */,
				C434634F2A690B7F0095C754 /* RMLocationTableViewCellViewModel.swift */,
				C43463562A6A50070095C754 /* RMLocationDetailViewViewModel.swift */,
			);
			path = Locations;
			sourceTree = "<group>";
		};
		C43463532A6A4EFA0095C754 /* LocationDetails */ = {
			isa = PBXGroup;
			children = (
				C43463542A6A4F1C0095C754 /* RMLocationDetailView.swift */,
			);
			path = LocationDetails;
			sourceTree = "<group>";
		};
		C43463582A6A5B3A0095C754 /* Search */ = {
			isa = PBXGroup;
			children = (
				C43463592A6A5B470095C754 /* RMSearchView.swift */,
				C434635D2A6A5D5A0095C754 /* RMNoSearchResultsView.swift */,
				C43463622A6A5DAF0095C754 /* RMSearchInputView.swift */,
			);
			path = Search;
			sourceTree = "<group>";
		};
		C434635F2A6A5D680095C754 /* Search */ = {
			isa = PBXGroup;
			children = (
				C434635B2A6A5BBC0095C754 /* RMSearchViewViewModel.swift */,
				C43463602A6A5D780095C754 /* RMNoSearchResultsViewViewModel.swift */,
				C43463642A6A5DBC0095C754 /* RMSearchInputViewViewModel.swift */,
				C43463692A6BE6CE0095C754 /* RMSearchResultViewModel.swift */,
			);
			path = Search;
			sourceTree = "<group>";
		};
		C43463682A6AB77B0095C754 /* Search */ = {
			isa = PBXGroup;
			children = (
				C43093A62A55B65E00325EFF /* RMSearchViewController.swift */,
				C43463662A6AB6D40095C754 /* RMSearchOptionPickerViewController.swift */,
			);
			path = Search;
			sourceTree = "<group>";
		};
		C4EFAC9D2A16652D00833C84 = {
			isa = PBXGroup;
			children = (
				C4EFACA82A16652D00833C84 /* RickAndMorty */,
				C4EFACA72A16652D00833C84 /* Products */,
			);
			sourceTree = "<group>";
		};
		C4EFACA72A16652D00833C84 /* Products */ = {
			isa = PBXGroup;
			children = (
				C4EFACA62A16652D00833C84 /* RickAndMorty.app */,
			);
			name = Products;
			sourceTree = "<group>";
		};
		C4EFACA82A16652D00833C84 /* RickAndMorty */ = {
			isa = PBXGroup;
			children = (
				C4EFACC32A16670200833C84 /* Resources */,
				C4EFACC22A1666FB00833C84 /* Managers */,
				C4EFACC12A1666EC00833C84 /* ApiClient */,
				C4EFACC02A1666E400833C84 /* ViewModels */,
				C4EFACBF2A1666DB00833C84 /* Views */,
				C4EFACBE2A1666D600833C84 /* Models */,
				C4EFACBD2A1666CA00833C84 /* Controllers */,
				C4EFACB72A16652E00833C84 /* Info.plist */,
			);
			path = RickAndMorty;
			sourceTree = "<group>";
		};
		C4EFACBD2A1666CA00833C84 /* Controllers */ = {
			isa = PBXGroup;
			children = (
				C430937B2A50EE4100325EFF /* Other */,
				C4EFACCA2A1667C900833C84 /* Core */,
			);
			path = Controllers;
			sourceTree = "<group>";
		};
		C4EFACBE2A1666D600833C84 /* Models */ = {
			isa = PBXGroup;
			children = (
				C4EFACE32A1CABBC00833C84 /* ApiResponseTypes */,
				C4EFACE22A1CABAE00833C84 /* DataTypes */,
				C434634A2A6909DA0095C754 /* RMGetLocationsResponse.swift */,
			);
			path = Models;
			sourceTree = "<group>";
		};
		C4EFACBF2A1666DB00833C84 /* Views */ = {
			isa = PBXGroup;
			children = (
				C43463582A6A5B3A0095C754 /* Search */,
				C43463532A6A4EFA0095C754 /* LocationDetails */,
				C43463452A68F9BF0095C754 /* Location */,
				C43010782A59536500D99651 /* SwiftUI */,
				C430106B2A56B3F700D99651 /* EpisodeDetails */,
				C430939F2A5538AB00325EFF /* Episode */,
				C43093882A54326600325EFF /* CharacterDetails */,
				C43093892A54327700325EFF /* Character */,
				C43093822A50F67300325EFF /* RMFooterLoadingCollectionReusableView.swift */,
			);
			path = Views;
			sourceTree = "<group>";
		};
		C4EFACC02A1666E400833C84 /* ViewModels */ = {
			isa = PBXGroup;
			children = (
				C434635F2A6A5D680095C754 /* Search */,
				C434634E2A690B710095C754 /* Locations */,
				C43010712A57D57800D99651 /* Settings */,
				C430106E2A56B44200D99651 /* EpisodeDetail */,
				C43093902A5432C600325EFF /* CharacterDetail */,
				C4EFACE62A1CAFAA00833C84 /* RMCharacterListViewViewModel.swift */,
				C4EFACEE2A1EB34600833C84 /* RMCharacterCollectionViewCellViewModel.swift */,
				C43093A22A553B6100325EFF /* RMEpisodeListViewViewModel.swift */,
			);
			path = ViewModels;
			sourceTree = "<group>";
		};
		C4EFACC12A1666EC00833C84 /* ApiClient */ = {
			isa = PBXGroup;
			children = (
				C4EFACD42A1670AC00833C84 /* RMService.swift */,
				C4EFACD62A1670C200833C84 /* RMRequest.swift */,
				C4EFACD82A16717B00833C84 /* RMEndpoint.swift */,
			);
			path = ApiClient;
			sourceTree = "<group>";
		};
		C4EFACC22A1666FB00833C84 /* Managers */ = {
			isa = PBXGroup;
			children = (
				C43093842A51C3AF00325EFF /* RMImageLoader.swift */,
				C43093992A552FA100325EFF /* RMApiCacheManager.swift */,
			);
			path = Managers;
			sourceTree = "<group>";
		};
		C4EFACC32A16670200833C84 /* Resources */ = {
			isa = PBXGroup;
			children = (
				C4EFACA92A16652D00833C84 /* AppDelegate.swift */,
				C4EFACAB2A16652D00833C84 /* SceneDelegate.swift */,
				C4EFACB22A16652E00833C84 /* Assets.xcassets */,
				C4EFACB42A16652E00833C84 /* LaunchScreen.storyboard */,
				C4EFACEA2A1CB37A00833C84 /* Extensions.swift */,
			);
			path = Resources;
			sourceTree = "<group>";
		};
		C4EFACCA2A1667C900833C84 /* Core */ = {
			isa = PBXGroup;
			children = (
				C4EFACAD2A16652D00833C84 /* RMTabBarController.swift */,
				C4EFACCB2A1667EF00833C84 /* RMCharacterViewController.swift */,
				C4EFACCD2A1667FB00833C84 /* RMLocationViewController.swift */,
				C4EFACCF2A16680400833C84 /* RMEpisodeViewController.swift */,
				C4EFACD22A16681A00833C84 /* RMSettingsViewController.swift */,
			);
			path = Core;
			sourceTree = "<group>";
		};
		C4EFACE22A1CABAE00833C84 /* DataTypes */ = {
			isa = PBXGroup;
			children = (
				C4EFACC82A16678A00833C84 /* RMEpisode.swift */,
				C4EFACC42A16677500833C84 /* RMLocation.swift */,
				C4EFACC62A16678300833C84 /* RMCharacter.swift */,
				C4EFACDA2A17C13000833C84 /* RMOrigin.swift */,
				C4EFACDC2A17C19600833C84 /* RMSingleLocation.swift */,
				C4EFACDE2A17C2E000833C84 /* RMCharacterStatus.swift */,
				C4EFACE02A17C30000833C84 /* RMCharacterGender.swift */,
			);
			path = DataTypes;
			sourceTree = "<group>";
		};
		C4EFACE32A1CABBC00833C84 /* ApiResponseTypes */ = {
			isa = PBXGroup;
			children = (
				C4EFACE42A1CABCE00833C84 /* RmGetAllCharactersResponse.swift */,
				C43093A42A557B1600325EFF /* RMGetAllEpisodesResponse.swift */,
			);
			path = ApiResponseTypes;
			sourceTree = "<group>";
		};
/* End PBXGroup section */

/* Begin PBXNativeTarget section */
		C4EFACA52A16652D00833C84 /* RickAndMorty */ = {
			isa = PBXNativeTarget;
			buildConfigurationList = C4EFACBA2A16652E00833C84 /* Build configuration list for PBXNativeTarget "RickAndMorty" */;
			buildPhases = (
				C4EFACA22A16652D00833C84 /* Sources */,
				C4EFACA32A16652D00833C84 /* Frameworks */,
				C4EFACA42A16652D00833C84 /* Resources */,
			);
			buildRules = (
			);
			dependencies = (
			);
			name = RickAndMorty;
			productName = RickAndMorty;
			productReference = C4EFACA62A16652D00833C84 /* RickAndMorty.app */;
			productType = "com.apple.product-type.application";
		};
/* End PBXNativeTarget section */

/* Begin PBXProject section */
		C4EFAC9E2A16652D00833C84 /* Project object */ = {
			isa = PBXProject;
			attributes = {
				BuildIndependentTargetsInParallel = 1;
				LastSwiftUpdateCheck = 1420;
				LastUpgradeCheck = 1420;
				TargetAttributes = {
					C4EFACA52A16652D00833C84 = {
						CreatedOnToolsVersion = 14.2;
					};
				};
			};
			buildConfigurationList = C4EFACA12A16652D00833C84 /* Build configuration list for PBXProject "RickAndMorty" */;
			compatibilityVersion = "Xcode 14.0";
			developmentRegion = en;
			hasScannedForEncodings = 0;
			knownRegions = (
				en,
				Base,
			);
			mainGroup = C4EFAC9D2A16652D00833C84;
			productRefGroup = C4EFACA72A16652D00833C84 /* Products */;
			projectDirPath = "";
			projectRoot = "";
			targets = (
				C4EFACA52A16652D00833C84 /* RickAndMorty */,
			);
		};
/* End PBXProject section */

/* Begin PBXResourcesBuildPhase section */
		C4EFACA42A16652D00833C84 /* Resources */ = {
			isa = PBXResourcesBuildPhase;
			buildActionMask = 2147483647;
			files = (
				C4EFACB62A16652E00833C84 /* LaunchScreen.storyboard in Resources */,
				C4EFACB32A16652E00833C84 /* Assets.xcassets in Resources */,
			);
			runOnlyForDeploymentPostprocessing = 0;
		};
/* End PBXResourcesBuildPhase section */

/* Begin PBXSourcesBuildPhase section */
		C4EFACA22A16652D00833C84 /* Sources */ = {
			isa = PBXSourcesBuildPhase;
			buildActionMask = 2147483647;
			files = (
				C4EFACDB2A17C13000833C84 /* RMOrigin.swift in Sources */,
				C4EFACDD2A17C19600833C84 /* RMSingleLocation.swift in Sources */,
				C4EFACE92A1CB01200833C84 /* RMCharacterListView.swift in Sources */,
				C43093A72A55B65E00325EFF /* RMSearchViewController.swift in Sources */,
				C434635C2A6A5BBC0095C754 /* RMSearchViewViewModel.swift in Sources */,
				C4EFACDF2A17C2E000833C84 /* RMCharacterStatus.swift in Sources */,
				C43463612A6A5D780095C754 /* RMNoSearchResultsViewViewModel.swift in Sources */,
				C4EFACE12A17C30000833C84 /* RMCharacterGender.swift in Sources */,
				C4EFACCE2A1667FB00833C84 /* RMLocationViewController.swift in Sources */,
				C430939A2A552FA100325EFF /* RMApiCacheManager.swift in Sources */,
				C43463572A6A50080095C754 /* RMLocationDetailViewViewModel.swift in Sources */,
				C430937D2A50EE5900325EFF /* RMCharacterDetailViewController.swift in Sources */,
				C434635E2A6A5D5A0095C754 /* RMNoSearchResultsView.swift in Sources */,
				C4EFACC92A16678A00833C84 /* RMEpisode.swift in Sources */,
				C43093A12A5538B800325EFF /* RMEpisodeListView.swift in Sources */,
				C43093832A50F67300325EFF /* RMFooterLoadingCollectionReusableView.swift in Sources */,
				C4EFACAE2A16652D00833C84 /* RMTabBarController.swift in Sources */,
				C434634B2A6909DA0095C754 /* RMGetLocationsResponse.swift in Sources */,
				C4EFACD02A16680400833C84 /* RMEpisodeViewController.swift in Sources */,
				C434634D2A690AF60095C754 /* RMLocationTableViewCell.swift in Sources */,
				C43010732A57D58700D99651 /* RMSettingsViewViewModel.swift in Sources */,
				C430938D2A5432AC00325EFF /* RMCharacterInfoCollectionViewCell.swift in Sources */,
				C4EFACED2A1E4A8500833C84 /* RMCharacterCollectionViewCell.swift in Sources */,
				C4EFACAA2A16652D00833C84 /* AppDelegate.swift in Sources */,
				C43463652A6A5DBC0095C754 /* RMSearchInputViewViewModel.swift in Sources */,
				C43010772A57D62600D99651 /* RMSettingsOption.swift in Sources */,
				C43093942A54332B00325EFF /* RMCharacterInfoCollectionViewCellViewModel.swift in Sources */,
				C4EFACAC2A16652D00833C84 /* SceneDelegate.swift in Sources */,
				C43463522A6A4D140095C754 /* RMLocationDetailViewController.swift in Sources */,
				C43093852A51C3AF00325EFF /* RMImageLoader.swift in Sources */,
				C4EFACD32A16681A00833C84 /* RMSettingsViewController.swift in Sources */,
				C4EFACD52A1670AC00833C84 /* RMService.swift in Sources */,
				C430938B2A5432A400325EFF /* RMCharacterPhotoCollectionViewCell.swift in Sources */,
				C43010752A57D5C000D99651 /* RMSettingsCellViewModel.swift in Sources */,
				C430107A2A59538300D99651 /* RMSettingsView.swift in Sources */,
				C434635A2A6A5B470095C754 /* RMSearchView.swift in Sources */,
				C43093962A54333600325EFF /* RMCharacterEpisodeCollectionViewCellViewModel.swift in Sources */,
				C43093812A50EEEB00325EFF /* RMCharacterDetailViewModel.swift in Sources */,
				C43463632A6A5DAF0095C754 /* RMSearchInputView.swift in Sources */,
				C4EFACEB2A1CB37A00833C84 /* Extensions.swift in Sources */,
				C43093922A54332100325EFF /* RMCharacterPhotoCollectionViewCellViewModel.swift in Sources */,
				C4EFACC52A16677500833C84 /* RMLocation.swift in Sources */,
				C4EFACD92A16717B00833C84 /* RMEndpoint.swift in Sources */,
				C4EFACC72A16678300833C84 /* RMCharacter.swift in Sources */,
				C430939E2A55359000325EFF /* RMEpisodeDetailView.swift in Sources */,
				C43463552A6A4F1C0095C754 /* RMLocationDetailView.swift in Sources */,
				C43463672A6AB6D40095C754 /* RMSearchOptionPickerViewController.swift in Sources */,
				C43463502A690B7F0095C754 /* RMLocationTableViewCellViewModel.swift in Sources */,
				C43093982A552D9100325EFF /* RMEpisodeDetailViewController.swift in Sources */,
				C4EFACD72A1670C200833C84 /* RMRequest.swift in Sources */,
				C4EFACEF2A1EB34600833C84 /* RMCharacterCollectionViewCellViewModel.swift in Sources */,
				C4EFACCC2A1667EF00833C84 /* RMCharacterViewController.swift in Sources */,
				C4EFACE72A1CAFAA00833C84 /* RMCharacterListViewViewModel.swift in Sources */,
				C430938F2A5432B400325EFF /* RMCharacterEpisodeCollectionViewCell.swift in Sources */,
				C43463472A68F9D40095C754 /* RMLocationView.swift in Sources */,
				C43093A32A553B6100325EFF /* RMEpisodeListViewViewModel.swift in Sources */,
				C434636A2A6BE6CE0095C754 /* RMSearchResultViewModel.swift in Sources */,
				C4EFACE52A1CABCE00833C84 /* RmGetAllCharactersResponse.swift in Sources */,
				C43093A52A557B1600325EFF /* RMGetAllEpisodesResponse.swift in Sources */,
				C43010702A56B45A00D99651 /* RMEpisodeInfoCollectionViewCellViewModel.swift in Sources */,
				C430106D2A56B42A00D99651 /* RMEpisodeInfoCollectionViewCell.swift in Sources */,
				C430939C2A55353200325EFF /* RMEpisodeDetailViewViewModel.swift in Sources */,
				C430937F2A50EEE100325EFF /* RMCharacterDetailView.swift in Sources */,
				C43463492A68FE230095C754 /* RMLocationViewViewModel.swift in Sources */,
			);
			runOnlyForDeploymentPostprocessing = 0;
		};
/* End PBXSourcesBuildPhase section */

/* Begin PBXVariantGroup section */
		C4EFACB42A16652E00833C84 /* LaunchScreen.storyboard */ = {
			isa = PBXVariantGroup;
			children = (
				C4EFACB52A16652E00833C84 /* Base */,
			);
			name = LaunchScreen.storyboard;
			sourceTree = "<group>";
		};
/* End PBXVariantGroup section */

/* Begin XCBuildConfiguration section */
		C4EFACB82A16652E00833C84 /* Debug */ = {
			isa = XCBuildConfiguration;
			buildSettings = {
				ALWAYS_SEARCH_USER_PATHS = NO;
				CLANG_ANALYZER_NONNULL = YES;
				CLANG_ANALYZER_NUMBER_OBJECT_CONVERSION = YES_AGGRESSIVE;
				CLANG_CXX_LANGUAGE_STANDARD = "gnu++20";
				CLANG_ENABLE_MODULES = YES;
				CLANG_ENABLE_OBJC_ARC = YES;
				CLANG_ENABLE_OBJC_WEAK = YES;
				CLANG_WARN_BLOCK_CAPTURE_AUTORELEASING = YES;
				CLANG_WARN_BOOL_CONVERSION = YES;
				CLANG_WARN_COMMA = YES;
				CLANG_WARN_CONSTANT_CONVERSION = YES;
				CLANG_WARN_DEPRECATED_OBJC_IMPLEMENTATIONS = YES;
				CLANG_WARN_DIRECT_OBJC_ISA_USAGE = YES_ERROR;
				CLANG_WARN_DOCUMENTATION_COMMENTS = YES;
				CLANG_WARN_EMPTY_BODY = YES;
				CLANG_WARN_ENUM_CONVERSION = YES;
				CLANG_WARN_INFINITE_RECURSION = YES;
				CLANG_WARN_INT_CONVERSION = YES;
				CLANG_WARN_NON_LITERAL_NULL_CONVERSION = YES;
				CLANG_WARN_OBJC_IMPLICIT_RETAIN_SELF = YES;
				CLANG_WARN_OBJC_LITERAL_CONVERSION = YES;
				CLANG_WARN_OBJC_ROOT_CLASS = YES_ERROR;
				CLANG_WARN_QUOTED_INCLUDE_IN_FRAMEWORK_HEADER = YES;
				CLANG_WARN_RANGE_LOOP_ANALYSIS = YES;
				CLANG_WARN_STRICT_PROTOTYPES = YES;
				CLANG_WARN_SUSPICIOUS_MOVE = YES;
				CLANG_WARN_UNGUARDED_AVAILABILITY = YES_AGGRESSIVE;
				CLANG_WARN_UNREACHABLE_CODE = YES;
				CLANG_WARN__DUPLICATE_METHOD_MATCH = YES;
				COPY_PHASE_STRIP = NO;
				DEBUG_INFORMATION_FORMAT = dwarf;
				ENABLE_STRICT_OBJC_MSGSEND = YES;
				ENABLE_TESTABILITY = YES;
				GCC_C_LANGUAGE_STANDARD = gnu11;
				GCC_DYNAMIC_NO_PIC = NO;
				GCC_NO_COMMON_BLOCKS = YES;
				GCC_OPTIMIZATION_LEVEL = 0;
				GCC_PREPROCESSOR_DEFINITIONS = (
					"DEBUG=1",
					"$(inherited)",
				);
				GCC_WARN_64_TO_32_BIT_CONVERSION = YES;
				GCC_WARN_ABOUT_RETURN_TYPE = YES_ERROR;
				GCC_WARN_UNDECLARED_SELECTOR = YES;
				GCC_WARN_UNINITIALIZED_AUTOS = YES_AGGRESSIVE;
				GCC_WARN_UNUSED_FUNCTION = YES;
				GCC_WARN_UNUSED_VARIABLE = YES;
				IPHONEOS_DEPLOYMENT_TARGET = 15.0;
				MTL_ENABLE_DEBUG_INFO = INCLUDE_SOURCE;
				MTL_FAST_MATH = YES;
				ONLY_ACTIVE_ARCH = YES;
				SDKROOT = iphoneos;
				SWIFT_ACTIVE_COMPILATION_CONDITIONS = DEBUG;
				SWIFT_OPTIMIZATION_LEVEL = "-Onone";
			};
			name = Debug;
		};
		C4EFACB92A16652E00833C84 /* Release */ = {
			isa = XCBuildConfiguration;
			buildSettings = {
				ALWAYS_SEARCH_USER_PATHS = NO;
				CLANG_ANALYZER_NONNULL = YES;
				CLANG_ANALYZER_NUMBER_OBJECT_CONVERSION = YES_AGGRESSIVE;
				CLANG_CXX_LANGUAGE_STANDARD = "gnu++20";
				CLANG_ENABLE_MODULES = YES;
				CLANG_ENABLE_OBJC_ARC = YES;
				CLANG_ENABLE_OBJC_WEAK = YES;
				CLANG_WARN_BLOCK_CAPTURE_AUTORELEASING = YES;
				CLANG_WARN_BOOL_CONVERSION = YES;
				CLANG_WARN_COMMA = YES;
				CLANG_WARN_CONSTANT_CONVERSION = YES;
				CLANG_WARN_DEPRECATED_OBJC_IMPLEMENTATIONS = YES;
				CLANG_WARN_DIRECT_OBJC_ISA_USAGE = YES_ERROR;
				CLANG_WARN_DOCUMENTATION_COMMENTS = YES;
				CLANG_WARN_EMPTY_BODY = YES;
				CLANG_WARN_ENUM_CONVERSION = YES;
				CLANG_WARN_INFINITE_RECURSION = YES;
				CLANG_WARN_INT_CONVERSION = YES;
				CLANG_WARN_NON_LITERAL_NULL_CONVERSION = YES;
				CLANG_WARN_OBJC_IMPLICIT_RETAIN_SELF = YES;
				CLANG_WARN_OBJC_LITERAL_CONVERSION = YES;
				CLANG_WARN_OBJC_ROOT_CLASS = YES_ERROR;
				CLANG_WARN_QUOTED_INCLUDE_IN_FRAMEWORK_HEADER = YES;
				CLANG_WARN_RANGE_LOOP_ANALYSIS = YES;
				CLANG_WARN_STRICT_PROTOTYPES = YES;
				CLANG_WARN_SUSPICIOUS_MOVE = YES;
				CLANG_WARN_UNGUARDED_AVAILABILITY = YES_AGGRESSIVE;
				CLANG_WARN_UNREACHABLE_CODE = YES;
				CLANG_WARN__DUPLICATE_METHOD_MATCH = YES;
				COPY_PHASE_STRIP = NO;
				DEBUG_INFORMATION_FORMAT = "dwarf-with-dsym";
				ENABLE_NS_ASSERTIONS = NO;
				ENABLE_STRICT_OBJC_MSGSEND = YES;
				GCC_C_LANGUAGE_STANDARD = gnu11;
				GCC_NO_COMMON_BLOCKS = YES;
				GCC_WARN_64_TO_32_BIT_CONVERSION = YES;
				GCC_WARN_ABOUT_RETURN_TYPE = YES_ERROR;
				GCC_WARN_UNDECLARED_SELECTOR = YES;
				GCC_WARN_UNINITIALIZED_AUTOS = YES_AGGRESSIVE;
				GCC_WARN_UNUSED_FUNCTION = YES;
				GCC_WARN_UNUSED_VARIABLE = YES;
				IPHONEOS_DEPLOYMENT_TARGET = 15.0;
				MTL_ENABLE_DEBUG_INFO = NO;
				MTL_FAST_MATH = YES;
				SDKROOT = iphoneos;
				SWIFT_COMPILATION_MODE = wholemodule;
				SWIFT_OPTIMIZATION_LEVEL = "-O";
				VALIDATE_PRODUCT = YES;
			};
			name = Release;
		};
		C4EFACBB2A16652E00833C84 /* Debug */ = {
			isa = XCBuildConfiguration;
			buildSettings = {
				ASSETCATALOG_COMPILER_APPICON_NAME = AppIcon;
				ASSETCATALOG_COMPILER_GLOBAL_ACCENT_COLOR_NAME = AccentColor;
				CODE_SIGN_STYLE = Automatic;
				CURRENT_PROJECT_VERSION = 1;
				DEVELOPMENT_TEAM = 4CX3G85ALP;
				GENERATE_INFOPLIST_FILE = YES;
				INFOPLIST_FILE = RickAndMorty/Info.plist;
				INFOPLIST_KEY_CFBundleDisplayName = "Rick & Morty";
				INFOPLIST_KEY_LSApplicationCategoryType = "public.app-category.education";
				INFOPLIST_KEY_UIApplicationSupportsIndirectInputEvents = YES;
				INFOPLIST_KEY_UILaunchStoryboardName = LaunchScreen;
				INFOPLIST_KEY_UISupportedInterfaceOrientations_iPad = "UIInterfaceOrientationPortrait UIInterfaceOrientationPortraitUpsideDown UIInterfaceOrientationLandscapeLeft UIInterfaceOrientationLandscapeRight";
				INFOPLIST_KEY_UISupportedInterfaceOrientations_iPhone = "UIInterfaceOrientationPortrait UIInterfaceOrientationLandscapeLeft UIInterfaceOrientationLandscapeRight";
				LD_RUNPATH_SEARCH_PATHS = (
					"$(inherited)",
					"@executable_path/Frameworks",
				);
				MARKETING_VERSION = 1.0;
				PRODUCT_BUNDLE_IDENTIFIER = edu.RickAndMorty;
				PRODUCT_NAME = "$(TARGET_NAME)";
				SWIFT_EMIT_LOC_STRINGS = YES;
				SWIFT_VERSION = 5.0;
				TARGETED_DEVICE_FAMILY = "1,2";
			};
			name = Debug;
		};
		C4EFACBC2A16652E00833C84 /* Release */ = {
			isa = XCBuildConfiguration;
			buildSettings = {
				ASSETCATALOG_COMPILER_APPICON_NAME = AppIcon;
				ASSETCATALOG_COMPILER_GLOBAL_ACCENT_COLOR_NAME = AccentColor;
				CODE_SIGN_STYLE = Automatic;
				CURRENT_PROJECT_VERSION = 1;
				DEVELOPMENT_TEAM = 4CX3G85ALP;
				GENERATE_INFOPLIST_FILE = YES;
				INFOPLIST_FILE = RickAndMorty/Info.plist;
				INFOPLIST_KEY_CFBundleDisplayName = "Rick & Morty";
				INFOPLIST_KEY_LSApplicationCategoryType = "public.app-category.education";
				INFOPLIST_KEY_UIApplicationSupportsIndirectInputEvents = YES;
				INFOPLIST_KEY_UILaunchStoryboardName = LaunchScreen;
				INFOPLIST_KEY_UISupportedInterfaceOrientations_iPad = "UIInterfaceOrientationPortrait UIInterfaceOrientationPortraitUpsideDown UIInterfaceOrientationLandscapeLeft UIInterfaceOrientationLandscapeRight";
				INFOPLIST_KEY_UISupportedInterfaceOrientations_iPhone = "UIInterfaceOrientationPortrait UIInterfaceOrientationLandscapeLeft UIInterfaceOrientationLandscapeRight";
				LD_RUNPATH_SEARCH_PATHS = (
					"$(inherited)",
					"@executable_path/Frameworks",
				);
				MARKETING_VERSION = 1.0;
				PRODUCT_BUNDLE_IDENTIFIER = edu.RickAndMorty;
				PRODUCT_NAME = "$(TARGET_NAME)";
				SWIFT_EMIT_LOC_STRINGS = YES;
				SWIFT_VERSION = 5.0;
				TARGETED_DEVICE_FAMILY = "1,2";
			};
			name = Release;
		};
/* End XCBuildConfiguration section */

/* Begin XCConfigurationList section */
		C4EFACA12A16652D00833C84 /* Build configuration list for PBXProject "RickAndMorty" */ = {
			isa = XCConfigurationList;
			buildConfigurations = (
				C4EFACB82A16652E00833C84 /* Debug */,
				C4EFACB92A16652E00833C84 /* Release */,
			);
			defaultConfigurationIsVisible = 0;
			defaultConfigurationName = Release;
		};
		C4EFACBA2A16652E00833C84 /* Build configuration list for PBXNativeTarget "RickAndMorty" */ = {
			isa = XCConfigurationList;
			buildConfigurations = (
				C4EFACBB2A16652E00833C84 /* Debug */,
				C4EFACBC2A16652E00833C84 /* Release */,
			);
			defaultConfigurationIsVisible = 0;
			defaultConfigurationName = Release;
		};
/* End XCConfigurationList section */
	};
	rootObject = C4EFAC9E2A16652D00833C84 /* Project object */;
}
